
Microsoft Visual Studio Solution File, Format Version 12.00
# Visual Studio Version 16
VisualStudioVersion = 16.0.31702.278
MinimumVisualStudioVersion = 10.0.40219.1
Project("{8BC9CEB8-8B4A-11D0-8D11-00A0C91BC942}") = "NemoPlayer", "NemoPlayer.vcxproj", "{24BD3D29-ABE5-4A8C-886F-14062A49C1C8}"
EndProject
Global
	GlobalSection(SolutionConfigurationPlatforms) = preSolution
		Debug|x64 = Debug|x64
		Release|x64 = Release|x64
	EndGlobalSection
	GlobalSection(ProjectConfigurationPlatforms) = postSolution
		{24BD3D29-ABE5-4A8C-886F-14062A49C1C8}.Debug|x64.ActiveCfg = Debug|x64
		{24BD3D29-ABE5-4A8C-886F-14062A49C1C8}.Debug|x64.Build.0 = Debug|x64
		{24BD3D29-ABE5-4A8C-886F-14062A49C1C8}.Release|x64.ActiveCfg = Release|x64
		{24BD3D29-ABE5-4A8C-886F-14062A49C1C8}.Release|x64.Build.0 = Release|x64
	EndGlobalSection
	GlobalSection(SolutionProperties) = preSolution
		HideSolutionNode = FALSE
	EndGlobalSection
	GlobalSection(ExtensibilityGlobals) = postSolution
		SolutionGuid = {F22E7E1A-B5FB-45E2-9FBA-906EE1AC2F9D}
	EndGlobalSection
EndGlobal
